{"SurveyEntry":{"SurveyID":"SV_06wi7q56NCmqf5j","SurveyName":"Affective Slider (shared)","SurveyDescription":null,"SurveyOwnerID":"UR_1M7ivVtpvdDzYUt","SurveyBrandID":"upenn","DivisionID":"DV_6M7iv7JxoQ7dkLW","SurveyLanguage":"EN","SurveyActiveResponseSet":"RS_5otsUe4DYWFhGaV","SurveyStatus":"Active","SurveyStartDate":"0000-00-00 00:00:00","SurveyExpirationDate":"0000-00-00 00:00:00","SurveyCreationDate":"2017-08-28 08:33:42","CreatorID":"UR_1M7ivVtpvdDzYUt","LastModified":"2019-08-15 12:46:31","LastAccessed":"0000-00-00 00:00:00","LastActivated":"2019-08-15 12:46:31","Deleted":null},"SurveyElements":[{"SurveyID":"SV_06wi7q56NCmqf5j","Element":"BL","PrimaryAttribute":"Survey Blocks","SecondaryAttribute":null,"TertiaryAttribute":null,"Payload":[{"Type":"Default","Description":"Affective Slider Block","ID":"BL_83bijDDDM1ipB9r","BlockElements":[{"Type":"Question","QuestionID":"QID2"},{"Type":"Question","QuestionID":"QID3"}],"Options":{"BlockLocking":"false","RandomizeQuestions":"RandomWithXPerPage","Randomization":{"Advanced":{"QuestionsPerPage":0}}}},{"Type":"Trash","Description":"Trash \/ Unused Questions","ID":"BL_8hJ4e87VKQpSjNb","BlockElements":[{"Type":"Question","QuestionID":"QID1"}]}]},{"SurveyID":"SV_06wi7q56NCmqf5j","Element":"FL","PrimaryAttribute":"Survey Flow","SecondaryAttribute":null,"TertiaryAttribute":null,"Payload":{"Flow":[{"ID":"BL_83bijDDDM1ipB9r","Type":"Block","FlowID":"FL_2"}],"Properties":{"Count":2},"FlowID":"FL_1","Type":"Root"}},{"SurveyID":"SV_06wi7q56NCmqf5j","Element":"SO","PrimaryAttribute":"Survey Options","SecondaryAttribute":null,"TertiaryAttribute":null,"Payload":{"BackButton":"false","SaveAndContinue":"true","SurveyProtection":"PublicSurvey","BallotBoxStuffingPrevention":"false","NoIndex":"Yes","SecureResponseFiles":"true","SurveyExpiration":"None","SurveyTermination":"DefaultMessage","Header":"","Footer":"","ProgressBarDisplay":"None","PartialData":"+1 week","ValidationMessage":"","PreviousButton":"  <<  ","NextButton":"  >>  ","SkinLibrary":"upenn","SkinType":"MQ","Skin":"upenn8","NewScoring":1}},{"SurveyID":"SV_06wi7q56NCmqf5j","Element":"SCO","PrimaryAttribute":"Scoring","SecondaryAttribute":null,"TertiaryAttribute":null,"Payload":{"ScoringCategories":[],"ScoringCategoryGroups":[],"ScoringSummaryCategory":null,"ScoringSummaryAfterQuestions":0,"ScoringSummaryAfterSurvey":0,"DefaultScoringCategory":null,"AutoScoringCategory":null}},{"SurveyID":"SV_06wi7q56NCmqf5j","Element":"STAT","PrimaryAttribute":"Survey Statistics","SecondaryAttribute":null,"TertiaryAttribute":null,"Payload":{"MobileCompatible":true,"ID":"Survey Statistics"}},{"SurveyID":"SV_06wi7q56NCmqf5j","Element":"PROJ","PrimaryAttribute":"CORE","SecondaryAttribute":"1.0.0","TertiaryAttribute":null,"Payload":null},{"SurveyID":"SV_06wi7q56NCmqf5j","Element":"QC","PrimaryAttribute":"Survey Question Count","SecondaryAttribute":"3","TertiaryAttribute":null,"Payload":null},{"SurveyID":"SV_06wi7q56NCmqf5j","Element":"RS","PrimaryAttribute":"RS_5otsUe4DYWFhGaV","SecondaryAttribute":"Default Response Set","TertiaryAttribute":null,"Payload":null},{"SurveyID":"SV_06wi7q56NCmqf5j","Element":"SQ","PrimaryAttribute":"QID1","SecondaryAttribute":"Level of arousal","TertiaryAttribute":null,"Payload":{"QuestionText":"Level of arousal","DefaultChoices":false,"DataExportTag":"Q1","QuestionType":"Slider","Selector":"HSLIDER","Configuration":{"QuestionDescriptionOption":"UseText","CSSliderMin":0,"CSSliderMax":100,"GridLines":0,"SnapToGrid":false,"NumDecimals":"0","ShowValue":false,"CustomStart":true,"NotApplicable":false,"MobileFirst":true,"SliderStartPositions":{"1":0.497674418604650004027689647045917809009552001953125}},"QuestionDescription":"Level of arousal","Choices":{"1":{"Display":"&nbsp;"}},"ChoiceOrder":[1],"Validation":{"Settings":{"ForceResponse":"ON","ForceResponseType":"ON","Type":"None"}},"GradingData":[],"Language":[],"Labels":[],"QuestionID":"QID1","QuestionJS":"Qualtrics.SurveyEngine.addOnload(function()\n{\n\tvar qid = this.questionId;\n\tconsole.log('working to build question: ' + qid);\n\tvar labels =  $(qid).descendants().grep(new Selector('.statement-container'));\n\tlabels[0].hide()\n\tvar cont = labels[0].getOffsetParent();\n\tcont.update('<table style=\"width:100%;background-color: transparent;\">  <tr>    <td><img src=\"https:\/\/upenn.co1.qualtrics.com\/ControlPanel\/Graphic.php?IM=IM_bDYU9ULrNwLzyLj\" style=\"min-width:75px ! important;min-height:75px ! important;background-color: transparent ! important;\"><\/td>    <td>'+cont.innerHTML+'<\/td>    <td><img src=\"https:\/\/upenn.co1.qualtrics.com\/ControlPanel\/Graphic.php?IM=IM_6yYaQGQDdznWFox\"  style=\"min-width:75px ! important;min-height:75px ! important;background-color: transparent ! important;\"><\/td>  <\/tr>  <tr>    <td><\/td>    <td><img src=\"https:\/\/upenn.co1.qualtrics.com\/ControlPanel\/Graphic.php?IM=IM_3pEB02lmhdsjhPL\" style=\"width:100%;height:100%;background-color: transparent ! important;\"><\/td>    <td><\/td>  <\/tr><\/table>');\n\tconsole.log('finished building question: '+qid);\n});"}},{"SurveyID":"SV_06wi7q56NCmqf5j","Element":"SQ","PrimaryAttribute":"QID2","SecondaryAttribute":"Level of arousal","TertiaryAttribute":null,"Payload":{"QuestionText":"Level of arousal","QuestionJS":"Qualtrics.SurveyEngine.addOnload(function()\n{\n\tvar qid = this.questionId;\n\tconsole.log('*********************working to build question: ' + qid);\n\tvar labels =  jQuery.grep($(qid).descendants(),function(n, i) {\n    \treturn (n.className == 'statement-container');\n\t});\n\tconsole.log(\"labels: \"+labels);\n\tlabels[0].hide()\n\tvar cont = labels[0].getOffsetParent();\n\tconsole.log(\"container: \"+cont);\n\tcont.update('<table style=\"width:100%;background-color:transparent\">\\n<tr>\\n<td align=\"right\">\\n<svg version=\"1.1\" viewBox=\"0 0 77.952755 77.952756\" xmlns=\"http:\/\/www.w3.org\/2000\/svg\" width=\"75px\" height=\"75px\">\\n<defs>\\n<clipPath id=\"clipPath214\">\\n<path d=\"m0 338h861v-338h-861v338z\" \/>\\n<\/clipPath>\\n<\/defs>\\n<g transform=\"translate(0 -974.41)\">\\n<g transform=\"matrix(1.25 0 0 -1.25 -45.213 1336.2)\">\\n<g clip-path=\"url(#clipPath214)\">\\n<g transform=\"translate(67.542 285.34)\">\\n<path d=\"m0 0c-15.27 0-27.693-12.424-27.693-27.693 0-15.272 12.423-27.694 27.693-27.694 15.271 0 27.693 12.422 27.693 27.694 0 15.269-12.422 27.693-27.693 27.693m0-57.887c-16.648 0-30.193 13.545-30.193 30.194 0 16.648 13.545 30.193 30.193 30.193s30.193-13.545 30.193-30.193c0-16.649-13.545-30.194-30.193-30.194\" fill=\"#505050\" \/>\\n<\/g>\\n<g transform=\"translate(52.681 249.31)\">\\n<path d=\"m0 0c-0.37 0-0.744 0.014-1.123 0.043-2.326 0.176-5.145 1.019-6.076 2.853l2.997 1.258c0.136-0.265 1.292-0.965 3.354-1.123 1.13-0.084 4.965-0.146 7.085 2.672l2.726-1.693c-1.92-2.553-5.215-4.01-8.963-4.01\" fill=\"#505050\" \/>\\n<\/g>\\n<g transform=\"translate(80.698 249.67)\">\\n<path d=\"m0 0c-0.92 0-1.867 0.107-2.82 0.328-2.134 0.494-4.621 1.715-5.201 3.656l2.98 0.832c0.084-0.281 1.051-1.132 2.943-1.57 1.03-0.238 4.586-0.824 6.994 1.668l2.267-2.047c-1.804-1.867-4.364-2.867-7.163-2.867\" fill=\"#505050\" \/>\\n<\/g>\\n<g transform=\"translate(45.801 257.62)\">\\n<path d=\"M 0,0 -2.032,0.734 C -2.007,0.807 0.659,7.945 8.917,7.752 L 8.866,5.59 C 2.163,5.727 0.021,0.057 0,0\" fill=\"#505050\" \/>\\n<\/g>\\n<g transform=\"translate(88.595 257.73)\">\\n<path d=\"m0 0c-3.889 6.34-9.369 4.979-9.602 4.916l-0.524 1.93c0.071 0.019 7.138 1.853 11.831-5.799l-1.705-1.047z\" fill=\"#505050\" \/>\\n<\/g>\\n<g transform=\"translate(68.542 237.84)\">\\n<path d=\"m0 0c3.582 0 6.485-0.896 6.485-2s-2.903-2-6.485-2c-3.581 0-6.484 0.896-6.484 2s2.903 2 6.484 2\" fill=\"#505050\" \/>\\n<\/g>\\n<g transform=\"translate(68.542 237.84)\">\\n<path d=\"m0 0c3.582 0 6.485-0.896 6.485-2s-2.903-2-6.485-2c-3.581 0-6.484 0.896-6.484 2s2.903 2 6.484 2z\" fill=\"none\" stroke=\"#505050\" stroke-miterlimit=\"10\" \/>\\n<\/g>\\n<\/g>\\n<\/g>\\n<\/g>\\n<\/svg>\\n<td style=\"width:99%\">'+cont.innerHTML+'<\/td>\\n<td align=\"left\">\\n<svg version=\"1.1\" viewBox=\"0 0 77.952756 77.952756\" xmlns=\"http:\/\/www.w3.org\/2000\/svg\" width=\"75px\" height=\"75px\">\\n<g transform=\"translate(0 -974.41)\">\\n<g transform=\"matrix(1.25 0 0 -1.25 -959.62 1333.9)\">\\n<g transform=\"translate(798.95 283.74)\">\\n<path d=\"m0 0c-15.271 0-27.693-12.424-27.693-27.693 0-15.272 12.422-27.694 27.693-27.694 15.27 0 27.693 12.422 27.693 27.694 0 15.269-12.423 27.693-27.693 27.693m0-57.887c-16.648 0-30.193 13.545-30.193 30.194 0 16.648 13.545 30.193 30.193 30.193s30.193-13.545 30.193-30.193c0-16.649-13.545-30.194-30.193-30.194\" fill=\"#505050\" \/>\\n<\/g>\\n<g transform=\"translate(786.58 273.04)\">\\n<path d=\"m0 0c4.699 0 8.509-3.81 8.509-8.508 0-4.699-3.81-8.509-8.509-8.509-4.698 0-8.508 3.81-8.508 8.509 0 4.698 3.81 8.508 8.508 8.508\" fill=\"#fff\" \/>\\n<\/g>\\n<g transform=\"translate(786.58 272.29)\">\\n<path d=\"m0 0c-4.278 0-7.759-3.48-7.759-7.758 0-4.277 3.481-7.758 7.759-7.758s7.758 3.481 7.758 7.758c0 4.278-3.48 7.758-7.758 7.758m0-17.016c-5.104 0-9.259 4.154-9.259 9.258 0 5.106 4.155 9.258 9.259 9.258s9.258-4.152 9.258-9.258c0-5.104-4.154-9.258-9.258-9.258\" fill=\"#505050\" \/>\\n<\/g>\\n<g transform=\"translate(786.58 268.48)\">\\n<path d=\"m0 0c2.182 0 3.951-1.768 3.951-3.949 0-2.182-1.769-3.95-3.951-3.95-2.181 0-3.949 1.768-3.949 3.95 0 2.181 1.768 3.949 3.949 3.949\" fill=\"#505050\" \/>\\n<\/g>\\n<g transform=\"translate(785.97 239.72)\">\\n<path d=\"m0 0h24.271\" fill=\"#505050\" stroke=\"#505050\" stroke-miterlimit=\"10\" stroke-width=\"3\" \/>\\n<\/g>\\n<g transform=\"translate(811.24 273.03)\">\\n<path d=\"m0 0c4.699 0 8.509-3.81 8.509-8.509 0-4.698-3.81-8.508-8.509-8.508-4.698 0-8.508 3.81-8.508 8.508 0 4.699 3.81 8.509 8.508 8.509\" fill=\"#fff\" \/>\\n<\/g>\\n<g transform=\"translate(811.24 272.29)\">\\n<path d=\"m0 0c-4.278 0-7.759-3.48-7.759-7.76 0-4.277 3.481-7.756 7.759-7.756s7.758 3.479 7.758 7.756c0 4.28-3.48 7.76-7.758 7.76m0-17.016c-5.104 0-9.259 4.153-9.259 9.256 0 5.106 4.155 9.26 9.259 9.26s9.258-4.154 9.258-9.26c0-5.103-4.154-9.256-9.258-9.256\" fill=\"#505050\" \/>\\n<\/g>\\n<g transform=\"translate(811.24 268.48)\">\\n<path d=\"m0 0c2.182 0 3.951-1.769 3.951-3.95 0-2.182-1.769-3.949-3.951-3.949-2.181 0-3.949 1.767-3.949 3.949 0 2.181 1.768 3.95 3.949 3.95\" fill=\"#505050\" \/>\\n<\/g>\\n<\/g>\\n<\/g>\\n<\/svg>\\n<\/td>\\n<\/tr>\\n<tr>\\n<td><\/td>\\n<td>\\n<svg version=\"1.1\" viewBox=\"0 0 806.10233 53.149605\" xmlns=\"http:\/\/www.w3.org\/2000\/svg\">\\n<defs>\\n<linearGradient id=\"b\" x2=\"1\" gradientTransform=\"matrix(322.55 0 0 -322.55 432.61 66.842)\" gradientUnits=\"userSpaceOnUse\">\\n<stop stop-color=\"#fff\" offset=\"0\" \/>\\n<stop stop-color=\"#231f20\" offset=\"1\" \/>\\n<\/linearGradient>\\n<linearGradient id=\"a\" x2=\"1\" gradientTransform=\"matrix(-322.55 0 0 322.55 432.61 65.842)\" gradientUnits=\"userSpaceOnUse\">\\n<stop stop-color=\"#fff\" offset=\"0\" \/>\\n<stop stop-color=\"#231f20\" offset=\"1\" \/>\\n<\/linearGradient>\\n<\/defs>\\n<g transform=\"translate(0 -999.21)\">\\n<g transform=\"matrix(1.25 0 0 -1.25 -137.4 1109.4)\">\\n<path d=\"m593.88 76.923-161.27-10.585 161.27-10.081 161.27-10.082v20.667 20.667l-161.27-10.586z\" fill=\"url(#b)\" \/>\\n<path d=\"m110.06 65.842v-20.666l161.27 10.585 161.27 10.584-161.27 10.082-161.27 10.082v-20.667z\" fill=\"url(#a)\" \/>\\n<\/g>\\n<\/g>\\n<\/svg>\\n<\/td>\\n<td><\/td>\\n<\/tr>\\n<\/table>')\n    console.log('finished building question: '+qid);\n});","DefaultChoices":false,"DataExportTag":"Q2","QuestionType":"Slider","Selector":"HSLIDER","Configuration":{"QuestionDescriptionOption":"UseText","CSSliderMin":0,"CSSliderMax":100,"GridLines":0,"SnapToGrid":false,"NumDecimals":"0","ShowValue":false,"CustomStart":true,"SliderStartPositions":{"1":0.497674418604650004027689647045917809009552001953125},"NotApplicable":false,"MobileFirst":true},"QuestionDescription":"Level of arousal","Choices":{"1":{"Display":"&nbsp;"}},"ChoiceOrder":[1],"Validation":{"Settings":{"ForceResponse":"ON","ForceResponseType":"ON","Type":"None"}},"GradingData":[],"Language":[],"Labels":[],"QuestionID":"QID2","PrivateData":false,"DataVisibility":{"Private":false,"Hidden":false},"NextChoiceId":2,"NextAnswerId":1}},{"SurveyID":"SV_06wi7q56NCmqf5j","Element":"SQ","PrimaryAttribute":"QID3","SecondaryAttribute":"Level of pleasure","TertiaryAttribute":null,"Payload":{"QuestionText":"Level of pleasure","QuestionJS":"Qualtrics.SurveyEngine.addOnload(function()\n{\n\tvar qid = this.questionId;\n\tconsole.log('*********************working to build question: ' + qid);\n\tvar labels =  jQuery.grep($(qid).descendants(),function(n, i) {\n  \t\treturn (n.className == 'statement-container');\n\t});\n\tconsole.log(\"labels: \"+labels);\n\tlabels[0].hide()\n\tvar cont = labels[0].getOffsetParent();\n\tconsole.log(\"container: \"+cont);\n\tcont.update('<table style=\"width:100%;background-color:transparent\">\\n<tr>\\n<td align=\"right\">\\n<svg version=\"1.1\" viewBox=\"0 0 77.952756 77.952756\" xmlns=\"http:\/\/www.w3.org\/2000\/svg\" width=\"75px\" height=\"75px\">\\n<g transform=\"translate(0 -974.41)\">\\n<g transform=\"matrix(1.25 0 0 -1.25 -45.703 1123.2)\">\\n<g transform=\"translate(67.543 115.56)\">\\n<path d=\"m0 0c-15.27 0-27.693-12.423-27.693-27.693 0-15.271 12.423-27.694 27.693-27.694 15.271 0 27.693 12.423 27.693 27.694 0 15.27-12.422 27.693-27.693 27.693m0-57.887c-16.648 0-30.193 13.545-30.193 30.194 0 16.648 13.545 30.193 30.193 30.193s30.193-13.545 30.193-30.193c0-16.649-13.545-30.194-30.193-30.194\" fill=\"#505050\" \/>\\n<\/g>\\n<g transform=\"translate(78.027 68.261)\">\\n<path d=\"m0 0c-4.293 6.925-10.559 6.659-13.053 6.224-3.937-0.688-7.086-3.083-7.489-5.697l-3.983 0.518c0.648 4.194 5.056 7.815 10.719 8.805 6.97 1.214 13.435-1.785 17.302-8.026l-3.496-1.824z\" fill=\"#505050\" \/>\\n<\/g>\\n<g transform=\"translate(87.981 99.373)\">\\n<path d=\"m0 0c-0.36 0.041-8.901 1.063-13.741 5.736l1.222 1.449c4.405-4.253 12.63-5.235 12.713-5.245l-0.194-1.94z\" fill=\"#505050\" \/>\\n<\/g>\\n<g transform=\"translate(78.889 99.763)\">\\n<path d=\"m0 0c2.08 0 3.767-2.177 3.767-4.862 0-2.686-1.687-4.863-3.767-4.863s-3.766 2.177-3.766 4.863c0 2.685 1.686 4.862 3.766 4.862\" fill=\"#505050\" \/>\\n<\/g>\\n<g transform=\"translate(54.722 99.763)\">\\n<path d=\"m0 0c2.08 0 3.767-2.177 3.767-4.862 0-2.686-1.687-4.863-3.767-4.863s-3.766 2.177-3.766 4.863c0 2.685 1.686 4.862 3.766 4.862\" fill=\"#505050\" \/>\\n<\/g>\\n<g transform=\"translate(47.394 98.815)\">\\n<path d=\"M 0,0 -0.669,1.937 C 2.982,3.121 9.254,5.684 10.537,7.519 L 12.283,6.374 C 10.182,3.366 1.036,0.335 0,0\" fill=\"#505050\" \/>\\n<\/g>\\n<\/g>\\n<\/g>\\n<\/svg>\\n<td style=\"width:99%\">'+cont.innerHTML+'<\/td>\\n<td align=\"left\">\\n<svg version=\"1.1\" viewBox=\"0 0 77.952756 77.952756\" xmlns=\"http:\/\/www.w3.org\/2000\/svg\" width=\"75px\" height=\"75px\">\\n<g transform=\"translate(0 -974.41)\">\\n<g transform=\"matrix(1.25 0 0 -1.25 -959.57 1121.7)\">\\n<g transform=\"translate(816.73 96.748)\">\\n<path d=\"m0 0-3.463 0.331c0.221 2.298-1.26 4.326-3.297 4.521-2.029 0.196-3.875-1.52-4.095-3.82l-3.461 0.333c0.404 4.209 3.955 7.327 7.886 6.95 3.948-0.377 6.832-4.107 6.43-8.315\" fill=\"#505050\" \/>\\n<\/g>\\n<g transform=\"translate(820.83 86.867)\">\\n<path d=\"m0 0c0-12.312-9.797-22.297-21.881-22.297-12.085 0-21.882 9.985-21.882 22.297 8.835 0.256 9.797 0 21.882 0h21.881z\" fill=\"#68696b\" \/>\\n<\/g>\\n<path d=\"m777.07 86.867h43.419v-4.921h-43.419v4.921z\" fill=\"#fff\" \/>\\n<g transform=\"translate(778.09 85.867)\">\\n<path d=\"m0 0c0.514-11.28 9.674-20.297 20.859-20.297 11.184 0 20.344 9.017 20.858 20.297h-41.717zm20.859-22.297c-12.617 0-22.881 10.451-22.881 23.297v1h45.762v-1c0-12.846-10.265-23.297-22.881-23.297\" fill=\"#505050\" \/>\\n<\/g>\\n<g transform=\"translate(779.74 96.648)\">\\n<path d=\"m0 0c-0.465 4.201 2.332 7.971 6.233 8.405 3.898 0.439 7.456-2.637 7.921-6.839l-3.457-0.382c-0.254 2.296-2.082 3.982-4.081 3.764-1.995-0.222-3.413-2.271-3.159-4.566l-3.457-0.382z\" fill=\"#505050\" \/>\\n<\/g>\\n<g transform=\"translate(798.95 114.2)\">\\n<path d=\"m0 0c-15.271 0-27.694-12.423-27.694-27.693 0-15.271 12.423-27.694 27.694-27.694 15.27 0 27.693 12.423 27.693 27.694 0 15.27-12.423 27.693-27.693 27.693m0-57.887c-16.649 0-30.194 13.545-30.194 30.194 0 16.648 13.545 30.193 30.194 30.193 16.648 0 30.193-13.545 30.193-30.193 0-16.649-13.545-30.194-30.193-30.194\" fill=\"#505050\" \/>\\n<\/g>\\n<\/g>\\n<\/g>\\n<\/svg>\\n<\/td>\\n<\/tr>\\n<tr>\\n<td><\/td>\\n<td>\\n<svg version=\"1.1\" viewBox=\"0 0 806.10233 53.149605\" xmlns=\"http:\/\/www.w3.org\/2000\/svg\">\\n<defs>\\n<linearGradient id=\"b\" x2=\"1\" gradientTransform=\"matrix(322.55 0 0 -322.55 432.61 66.842)\" gradientUnits=\"userSpaceOnUse\">\\n<stop stop-color=\"#fff\" offset=\"0\" \/>\\n<stop stop-color=\"#231f20\" offset=\"1\" \/>\\n<\/linearGradient>\\n<linearGradient id=\"a\" x2=\"1\" gradientTransform=\"matrix(-322.55 0 0 322.55 432.61 65.842)\" gradientUnits=\"userSpaceOnUse\">\\n<stop stop-color=\"#fff\" offset=\"0\" \/>\\n<stop stop-color=\"#231f20\" offset=\"1\" \/>\\n<\/linearGradient>\\n<\/defs>\\n<g transform=\"translate(0 -999.21)\">\\n<g transform=\"matrix(1.25 0 0 -1.25 -137.4 1109.4)\">\\n<path d=\"m593.88 76.923-161.27-10.585 161.27-10.081 161.27-10.082v20.667 20.667l-161.27-10.586z\" fill=\"url(#b)\" \/>\\n<path d=\"m110.06 65.842v-20.666l161.27 10.585 161.27 10.584-161.27 10.082-161.27 10.082v-20.667z\" fill=\"url(#a)\" \/>\\n<\/g>\\n<\/g>\\n<\/svg>\\n<\/td>\\n<td><\/td>\\n<\/tr>\\n<\/table>');\n\tconsole.log('finished building question: '+qid);\n});","DefaultChoices":false,"DataExportTag":"Q3","QuestionType":"Slider","Selector":"HSLIDER","Configuration":{"QuestionDescriptionOption":"UseText","CSSliderMin":0,"CSSliderMax":100,"GridLines":0,"SnapToGrid":false,"NumDecimals":"0","ShowValue":false,"CustomStart":true,"SliderStartPositions":{"1":0.497674418604650004027689647045917809009552001953125},"NotApplicable":false,"MobileFirst":true},"QuestionDescription":"Level of pleasure","Choices":{"1":{"Display":"&nbsp;"}},"ChoiceOrder":[1],"Validation":{"Settings":{"ForceResponse":"ON","ForceResponseType":"ON","Type":"None"}},"GradingData":[],"Language":[],"Labels":[],"QuestionID":"QID3","PrivateData":false,"DataVisibility":{"Private":false,"Hidden":false},"NextChoiceId":2,"NextAnswerId":1}}]}